// !$*UTF8*$!
{
	archiveVersion = 1;
	classes = {
	};
	objectVersion = 46;
	objects = {

/* Begin PBXBuildFile section */
		0314977A2F0DD7030018F3F1 /* YGRChapterViewController.m in Sources */ = {isa = PBXBuildFile; fileRef = 031497792F0DD7030018F3F1 /* YGRChapterViewController.m */; };
		0314977B2F0DD7030018F3F1 /* YGRChapterViewController.m in Sources */ = {isa = PBXBuildFile; fileRef = 031497792F0DD7030018F3F1 /* YGRChapterViewController.m */; };
		0314977E2F0DD7170018F3F1 /* YGRPageViewController.m in Sources */ = {isa = PBXBuildFile; fileRef = 0314977D2F0DD7170018F3F1 /* YGRPageViewController.m */; };
		0314977F2F0DD7170018F3F1 /* YGRPageViewController.m in Sources */ = {isa = PBXBuildFile; fileRef = 0314977D2F0DD7170018F3F1 /* YGRPageViewController.m */; };
		0357B2002F0F67D500D5096E /* YGRTextFieldCell.m in Sources */ = {isa = PBXBuildFile; fileRef = 0357B1FF2F0F67D500D5096E /* YGRTextFieldCell.m */; };
		0357B2012F0F67D500D5096E /* YGRTextFieldCell.m in Sources */ = {isa = PBXBuildFile; fileRef = 0357B1FF2F0F67D500D5096E /* YGRTextFieldCell.m */; };
		0357B2052F0F6A4B00D5096E /* YGRAboutViewController.m in Sources */ = {isa = PBXBuildFile; fileRef = 0357B2042F0F6A4B00D5096E /* YGRAboutViewController.m */; };
		0357B2062F0F6A4B00D5096E /* YGRAboutViewController.m in Sources */ = {isa = PBXBuildFile; fileRef = 0357B2042F0F6A4B00D5096E /* YGRAboutViewController.m */; };
		0357B2182F1711FA00D5096E /* YGRSourcesViewController.m in Sources */ = {isa = PBXBuildFile; fileRef = 0357B2172F1711FA00D5096E /* YGRSourcesViewController.m */; };
		0357B21B2F1712AC00D5096E /* YGRBrowseViewController.m in Sources */ = {isa = PBXBuildFile; fileRef = 0357B21A2F1712AC00D5096E /* YGRBrowseViewController.m */; };
		0357B21E2F1732A600D5096E /* YGRExtensionsViewController.m in Sources */ = {isa = PBXBuildFile; fileRef = 0357B21D2F1732A600D5096E /* YGRExtensionsViewController.m */; };
		0357B2222F17640400D5096E /* YGRExtensionInfoViewController.m in Sources */ = {isa = PBXBuildFile; fileRef = 0357B2212F17640400D5096E /* YGRExtensionInfoViewController.m */; };
		03AFE1882F188EE500CC1CBB /* YGRLibraryCell.m in Sources */ = {isa = PBXBuildFile; fileRef = 03AFE1872F188EE500CC1CBB /* YGRLibraryCell.m */; };
		03B5C1FE2F185B3500B8898A /* placeholder.png in Resources */ = {isa = PBXBuildFile; fileRef = 03B5C1FD2F185B3500B8898A /* placeholder.png */; };
		03CCDAFB2F18A47C009C6C2A /* library.png in Resources */ = {isa = PBXBuildFile; fileRef = 03CCDAF92F18A47C009C6C2A /* library.png */; };
		03CCDAFC2F18A47C009C6C2A /* library@2x.png in Resources */ = {isa = PBXBuildFile; fileRef = 03CCDAFA2F18A47C009C6C2A /* library@2x.png */; };
		03CCDAFF2F18A4D5009C6C2A /* browse.png in Resources */ = {isa = PBXBuildFile; fileRef = 03CCDAFD2F18A4D5009C6C2A /* browse.png */; };
		03CCDB002F18A4D5009C6C2A /* browse@2x.png in Resources */ = {isa = PBXBuildFile; fileRef = 03CCDAFE2F18A4D5009C6C2A /* browse@2x.png */; };
		03CCDB032F18A525009C6C2A /* settings.png in Resources */ = {isa = PBXBuildFile; fileRef = 03CCDB012F18A525009C6C2A /* settings.png */; };
		03CCDB042F18A525009C6C2A /* settings@2x.png in Resources */ = {isa = PBXBuildFile; fileRef = 03CCDB022F18A525009C6C2A /* settings@2x.png */; };
		03DCE2412F0DBFAE00E49AB9 /* UIKit.framework in Frameworks */ = {isa = PBXBuildFile; fileRef = 03DCE2402F0DBFAE00E49AB9 /* UIKit.framework */; };
		03DCE2432F0DBFAE00E49AB9 /* Foundation.framework in Frameworks */ = {isa = PBXBuildFile; fileRef = 03DCE2422F0DBFAE00E49AB9 /* Foundation.framework */; };
		03DCE2452F0DBFAE00E49AB9 /* CoreGraphics.framework in Frameworks */ = {isa = PBXBuildFile; fileRef = 03DCE2442F0DBFAE00E49AB9 /* CoreGraphics.framework */; };
		03DCE24B2F0DBFAE00E49AB9 /* InfoPlist.strings in Resources */ = {isa = PBXBuildFile; fileRef = 03DCE2492F0DBFAE00E49AB9 /* InfoPlist.strings */; };
		03DCE24D2F0DBFAE00E49AB9 /* main.m in Sources */ = {isa = PBXBuildFile; fileRef = 03DCE24C2F0DBFAE00E49AB9 /* main.m */; };
		03DCE2512F0DBFAE00E49AB9 /* YGRAppDelegate.m in Sources */ = {isa = PBXBuildFile; fileRef = 03DCE2502F0DBFAE00E49AB9 /* YGRAppDelegate.m */; };
		03DCE2622F0DBFAE00E49AB9 /* SenTestingKit.framework in Frameworks */ = {isa = PBXBuildFile; fileRef = 03DCE2612F0DBFAE00E49AB9 /* SenTestingKit.framework */; };
		03DCE2632F0DBFAE00E49AB9 /* UIKit.framework in Frameworks */ = {isa = PBXBuildFile; fileRef = 03DCE2402F0DBFAE00E49AB9 /* UIKit.framework */; };
		03DCE2642F0DBFAE00E49AB9 /* Foundation.framework in Frameworks */ = {isa = PBXBuildFile; fileRef = 03DCE2422F0DBFAE00E49AB9 /* Foundation.framework */; };
		03DCE26C2F0DBFAE00E49AB9 /* InfoPlist.strings in Resources */ = {isa = PBXBuildFile; fileRef = 03DCE26A2F0DBFAE00E49AB9 /* InfoPlist.strings */; };
		03DCE26F2F0DBFAE00E49AB9 /* YomigaeruTests.m in Sources */ = {isa = PBXBuildFile; fileRef = 03DCE26E2F0DBFAE00E49AB9 /* YomigaeruTests.m */; };
		03DCE2972F0DC0FE00E49AB9 /* YGRCategory.m in Sources */ = {isa = PBXBuildFile; fileRef = 03DCE28E2F0DC0FE00E49AB9 /* YGRCategory.m */; };
		03DCE2982F0DC0FE00E49AB9 /* YGRCategory.m in Sources */ = {isa = PBXBuildFile; fileRef = 03DCE28E2F0DC0FE00E49AB9 /* YGRCategory.m */; };
		03DCE2992F0DC0FE00E49AB9 /* YGRChapter.m in Sources */ = {isa = PBXBuildFile; fileRef = 03DCE2902F0DC0FE00E49AB9 /* YGRChapter.m */; };
		03DCE29A2F0DC0FE00E49AB9 /* YGRChapter.m in Sources */ = {isa = PBXBuildFile; fileRef = 03DCE2902F0DC0FE00E49AB9 /* YGRChapter.m */; };
		03DCE29B2F0DC0FE00E49AB9 /* YGRExtension.m in Sources */ = {isa = PBXBuildFile; fileRef = 03DCE2922F0DC0FE00E49AB9 /* YGRExtension.m */; };
		03DCE29C2F0DC0FE00E49AB9 /* YGRExtension.m in Sources */ = {isa = PBXBuildFile; fileRef = 03DCE2922F0DC0FE00E49AB9 /* YGRExtension.m */; };
		03DCE29D2F0DC0FE00E49AB9 /* YGRManga.m in Sources */ = {isa = PBXBuildFile; fileRef = 03DCE2942F0DC0FE00E49AB9 /* YGRManga.m */; };
		03DCE29E2F0DC0FE00E49AB9 /* YGRManga.m in Sources */ = {isa = PBXBuildFile; fileRef = 03DCE2942F0DC0FE00E49AB9 /* YGRManga.m */; };
		03DCE29F2F0DC0FE00E49AB9 /* YGRSource.m in Sources */ = {isa = PBXBuildFile; fileRef = 03DCE2962F0DC0FE00E49AB9 /* YGRSource.m */; };
		03DCE2A02F0DC0FE00E49AB9 /* YGRSource.m in Sources */ = {isa = PBXBuildFile; fileRef = 03DCE2962F0DC0FE00E49AB9 /* YGRSource.m */; };
		03DCE2A52F0DC19000E49AB9 /* YGRMangaStatusUtility.m in Sources */ = {isa = PBXBuildFile; fileRef = 03DCE2A22F0DC18F00E49AB9 /* YGRMangaStatusUtility.m */; };
		03DCE2A62F0DC19000E49AB9 /* YGRMangaStatusUtility.m in Sources */ = {isa = PBXBuildFile; fileRef = 03DCE2A22F0DC18F00E49AB9 /* YGRMangaStatusUtility.m */; };
		03DCE2A72F0DC19000E49AB9 /* YGRUpdateStrategyUtility.m in Sources */ = {isa = PBXBuildFile; fileRef = 03DCE2A42F0DC18F00E49AB9 /* YGRUpdateStrategyUtility.m */; };
		03DCE2A82F0DC19000E49AB9 /* YGRUpdateStrategyUtility.m in Sources */ = {isa = PBXBuildFile; fileRef = 03DCE2A42F0DC18F00E49AB9 /* YGRUpdateStrategyUtility.m */; };
		03DCE2AB2F0DC21F00E49AB9 /* WebP.framework in Frameworks */ = {isa = PBXBuildFile; fileRef = 03DCE2AA2F0DC21F00E49AB9 /* WebP.framework */; };
		03DCE2AC2F0DC21F00E49AB9 /* WebP.framework in Frameworks */ = {isa = PBXBuildFile; fileRef = 03DCE2AA2F0DC21F00E49AB9 /* WebP.framework */; };
		03DCE2AF2F0DC23400E49AB9 /* YGRImageUtility.m in Sources */ = {isa = PBXBuildFile; fileRef = 03DCE2AE2F0DC23400E49AB9 /* YGRImageUtility.m */; };
		03DCE2B02F0DC23400E49AB9 /* YGRImageUtility.m in Sources */ = {isa = PBXBuildFile; fileRef = 03DCE2AE2F0DC23400E49AB9 /* YGRImageUtility.m */; };
		03DCE2BB2F0DC31B00E49AB9 /* YGRCategoryService.m in Sources */ = {isa = PBXBuildFile; fileRef = 03DCE2B42F0DC31B00E49AB9 /* YGRCategoryService.m */; };
		03DCE2BC2F0DC31B00E49AB9 /* YGRCategoryService.m in Sources */ = {isa = PBXBuildFile; fileRef = 03DCE2B42F0DC31B00E49AB9 /* YGRCategoryService.m */; };
		03DCE2BD2F0DC31B00E49AB9 /* YGRExtensionService.m in Sources */ = {isa = PBXBuildFile; fileRef = 03DCE2B62F0DC31B00E49AB9 /* YGRExtensionService.m */; };
		03DCE2BE2F0DC31B00E49AB9 /* YGRExtensionService.m in Sources */ = {isa = PBXBuildFile; fileRef = 03DCE2B62F0DC31B00E49AB9 /* YGRExtensionService.m */; };
		03DCE2BF2F0DC31B00E49AB9 /* YGRMangaService.m in Sources */ = {isa = PBXBuildFile; fileRef = 03DCE2B82F0DC31B00E49AB9 /* YGRMangaService.m */; };
		03DCE2C02F0DC31B00E49AB9 /* YGRMangaService.m in Sources */ = {isa = PBXBuildFile; fileRef = 03DCE2B82F0DC31B00E49AB9 /* YGRMangaService.m */; };
		03DCE2C12F0DC31B00E49AB9 /* YGRSourceService.m in Sources */ = {isa = PBXBuildFile; fileRef = 03DCE2BA2F0DC31B00E49AB9 /* YGRSourceService.m */; };
		03DCE2C22F0DC31B00E49AB9 /* YGRSourceService.m in Sources */ = {isa = PBXBuildFile; fileRef = 03DCE2BA2F0DC31B00E49AB9 /* YGRSourceService.m */; };
		03DCE2C82F0DC34000E49AB9 /* YGRNetworkManager.m in Sources */ = {isa = PBXBuildFile; fileRef = 03DCE2C52F0DC34000E49AB9 /* YGRNetworkManager.m */; };
		03DCE2C92F0DC34000E49AB9 /* YGRNetworkManager.m in Sources */ = {isa = PBXBuildFile; fileRef = 03DCE2C52F0DC34000E49AB9 /* YGRNetworkManager.m */; };
		03DCE2CA2F0DC34000E49AB9 /* YGRSettingsManager.m in Sources */ = {isa = PBXBuildFile; fileRef = 03DCE2C72F0DC34000E49AB9 /* YGRSettingsManager.m */; };
		03DCE2CB2F0DC34000E49AB9 /* YGRSettingsManager.m in Sources */ = {isa = PBXBuildFile; fileRef = 03DCE2C72F0DC34000E49AB9 /* YGRSettingsManager.m */; };
		03DCE2D62F0DC3D300E49AB9 /* YGRAPITestViewController.m in Sources */ = {isa = PBXBuildFile; fileRef = 03DCE2CD2F0DC3D300E49AB9 /* YGRAPITestViewController.m */; };
		03DCE2D72F0DC3D300E49AB9 /* YGRAPITestViewController.m in Sources */ = {isa = PBXBuildFile; fileRef = 03DCE2CD2F0DC3D300E49AB9 /* YGRAPITestViewController.m */; };
		03DCE2D82F0DC3D300E49AB9 /* YGRTabBarController.m in Sources */ = {isa = PBXBuildFile; fileRef = 03DCE2CF2F0DC3D300E49AB9 /* YGRTabBarController.m */; };
		03DCE2D92F0DC3D300E49AB9 /* YGRTabBarController.m in Sources */ = {isa = PBXBuildFile; fileRef = 03DCE2CF2F0DC3D300E49AB9 /* YGRTabBarController.m */; };
		03DCE2E62F0DC41300E49AB9 /* YGRLibraryViewController.m in Sources */ = {isa = PBXBuildFile; fileRef = 03DCE2E32F0DC41300E49AB9 /* YGRLibraryViewController.m */; };
		03DCE2E72F0DC41300E49AB9 /* YGRLibraryViewController.m in Sources */ = {isa = PBXBuildFile; fileRef = 03DCE2E32F0DC41300E49AB9 /* YGRLibraryViewController.m */; };
		03DCE2E82F0DC41300E49AB9 /* YGRMangaViewController.m in Sources */ = {isa = PBXBuildFile; fileRef = 03DCE2E52F0DC41300E49AB9 /* YGRMangaViewController.m */; };
		03DCE2E92F0DC41300E49AB9 /* YGRMangaViewController.m in Sources */ = {isa = PBXBuildFile; fileRef = 03DCE2E52F0DC41300E49AB9 /* YGRMangaViewController.m */; };
		03FFDB4B2F0E182B00813B1C /* Icon@2x.png in Resources */ = {isa = PBXBuildFile; fileRef = 03FFDB4A2F0E182B00813B1C /* Icon@2x.png */; };
		03FFDB4D2F0E187E00813B1C /* Icon2x.png in Resources */ = {isa = PBXBuildFile; fileRef = 03FFDB4C2F0E187E00813B1C /* Icon2x.png */; };
		03FFDB502F0F25EA00813B1C /* YGRSettingsViewController.m in Sources */ = {isa = PBXBuildFile; fileRef = 03FFDB4F2F0F25EA00813B1C /* YGRSettingsViewController.m */; };
		03FFDB512F0F25EA00813B1C /* YGRSettingsViewController.m in Sources */ = {isa = PBXBuildFile; fileRef = 03FFDB4F2F0F25EA00813B1C /* YGRSettingsViewController.m */; };
		03FFDB592F0F267B00813B1C /* YGRServerSettingsViewController.m in Sources */ = {isa = PBXBuildFile; fileRef = 03FFDB582F0F267B00813B1C /* YGRServerSettingsViewController.m */; };
		03FFDB5A2F0F267B00813B1C /* YGRServerSettingsViewController.m in Sources */ = {isa = PBXBuildFile; fileRef = 03FFDB582F0F267B00813B1C /* YGRServerSettingsViewController.m */; };
		03FFDB612F0F48E200813B1C /* YGRServerBaseURLViewController.m in Sources */ = {isa = PBXBuildFile; fileRef = 03FFDB602F0F48E200813B1C /* YGRServerBaseURLViewController.m */; };
		03FFDB622F0F48E200813B1C /* YGRServerBaseURLViewController.m in Sources */ = {isa = PBXBuildFile; fileRef = 03FFDB602F0F48E200813B1C /* YGRServerBaseURLViewController.m */; };
		70D16D28C3AB9EFAD576A708 /* libPods-Yomigaeru.a in Frameworks */ = {isa = PBXBuildFile; fileRef = DBCF7370D363A13B8D97C155 /* libPods-Yomigaeru.a */; };
		D5185BB292259624AA114037 /* libPods-YomigaeruTests.a in Frameworks */ = {isa = PBXBuildFile; fileRef = B0817C01DA4C9B027C88D490 /* libPods-YomigaeruTests.a */; };
/* End PBXBuildFile section */

/* Begin PBXContainerItemProxy section */
		03DCE2652F0DBFAE00E49AB9 /* PBXContainerItemProxy */ = {
			isa = PBXContainerItemProxy;
			containerPortal = 03DCE2332F0DBFAE00E49AB9 /* Project object */;
			proxyType = 1;
			remoteGlobalIDString = 03DCE23B2F0DBFAE00E49AB9;
			remoteInfo = Yomigaeru;
		};
/* End PBXContainerItemProxy section */

/* Begin PBXFileReference section */
		031497782F0DD7030018F3F1 /* YGRChapterViewController.h */ = {isa = PBXFileReference; fileEncoding = 4; lastKnownFileType = sourcecode.c.h; path = YGRChapterViewController.h; sourceTree = "<group>"; };
		031497792F0DD7030018F3F1 /* YGRChapterViewController.m */ = {isa = PBXFileReference; fileEncoding = 4; lastKnownFileType = sourcecode.c.objc; path = YGRChapterViewController.m; sourceTree = "<group>"; };
		0314977C2F0DD7170018F3F1 /* YGRPageViewController.h */ = {isa = PBXFileReference; fileEncoding = 4; lastKnownFileType = sourcecode.c.h; path = YGRPageViewController.h; sourceTree = "<group>"; };
		0314977D2F0DD7170018F3F1 /* YGRPageViewController.m */ = {isa = PBXFileReference; fileEncoding = 4; lastKnownFileType = sourcecode.c.objc; path = YGRPageViewController.m; sourceTree = "<group>"; };
		0357B1FE2F0F67D500D5096E /* YGRTextFieldCell.h */ = {isa = PBXFileReference; fileEncoding = 4; lastKnownFileType = sourcecode.c.h; path = YGRTextFieldCell.h; sourceTree = "<group>"; };
		0357B1FF2F0F67D500D5096E /* YGRTextFieldCell.m */ = {isa = PBXFileReference; fileEncoding = 4; lastKnownFileType = sourcecode.c.objc; path = YGRTextFieldCell.m; sourceTree = "<group>"; };
		0357B2032F0F6A4B00D5096E /* YGRAboutViewController.h */ = {isa = PBXFileReference; fileEncoding = 4; lastKnownFileType = sourcecode.c.h; path = YGRAboutViewController.h; sourceTree = "<group>"; };
		0357B2042F0F6A4B00D5096E /* YGRAboutViewController.m */ = {isa = PBXFileReference; fileEncoding = 4; lastKnownFileType = sourcecode.c.objc; path = YGRAboutViewController.m; sourceTree = "<group>"; };
		0357B2162F1711FA00D5096E /* YGRSourcesViewController.h */ = {isa = PBXFileReference; fileEncoding = 4; lastKnownFileType = sourcecode.c.h; path = YGRSourcesViewController.h; sourceTree = "<group>"; };
		0357B2172F1711FA00D5096E /* YGRSourcesViewController.m */ = {isa = PBXFileReference; fileEncoding = 4; lastKnownFileType = sourcecode.c.objc; path = YGRSourcesViewController.m; sourceTree = "<group>"; };
		0357B21A2F1712AC00D5096E /* YGRBrowseViewController.m */ = {isa = PBXFileReference; fileEncoding = 4; lastKnownFileType = sourcecode.c.objc; path = YGRBrowseViewController.m; sourceTree = "<group>"; };
		0357B21C2F1732A600D5096E /* YGRExtensionsViewController.h */ = {isa = PBXFileReference; fileEncoding = 4; lastKnownFileType = sourcecode.c.h; path = YGRExtensionsViewController.h; sourceTree = "<group>"; };
		0357B21D2F1732A600D5096E /* YGRExtensionsViewController.m */ = {isa = PBXFileReference; fileEncoding = 4; lastKnownFileType = sourcecode.c.objc; path = YGRExtensionsViewController.m; sourceTree = "<group>"; };
		0357B21F2F17338D00D5096E /* YGRBrowseViewController.h */ = {isa = PBXFileReference; fileEncoding = 4; lastKnownFileType = sourcecode.c.h; path = YGRBrowseViewController.h; sourceTree = "<group>"; };
		0357B2202F17640300D5096E /* YGRExtensionInfoViewController.h */ = {isa = PBXFileReference; fileEncoding = 4; lastKnownFileType = sourcecode.c.h; path = YGRExtensionInfoViewController.h; sourceTree = "<group>"; };
		0357B2212F17640400D5096E /* YGRExtensionInfoViewController.m */ = {isa = PBXFileReference; fileEncoding = 4; lastKnownFileType = sourcecode.c.objc; path = YGRExtensionInfoViewController.m; sourceTree = "<group>"; };
		038216C02F19ABDF00D5D620 /* YGRRefreshable.h */ = {isa = PBXFileReference; fileEncoding = 4; lastKnownFileType = sourcecode.c.h; path = YGRRefreshable.h; sourceTree = "<group>"; };
		038216C32F19B22700D5D620 /* YGRChildRefreshDelegate.h */ = {isa = PBXFileReference; fileEncoding = 4; lastKnownFileType = sourcecode.c.h; path = YGRChildRefreshDelegate.h; sourceTree = "<group>"; };
		03AFE1862F188EE500CC1CBB /* YGRLibraryCell.h */ = {isa = PBXFileReference; fileEncoding = 4; lastKnownFileType = sourcecode.c.h; path = YGRLibraryCell.h; sourceTree = "<group>"; };
		03AFE1872F188EE500CC1CBB /* YGRLibraryCell.m */ = {isa = PBXFileReference; fileEncoding = 4; lastKnownFileType = sourcecode.c.objc; path = YGRLibraryCell.m; sourceTree = "<group>"; };
		03B5C1FD2F185B3500B8898A /* placeholder.png */ = {isa = PBXFileReference; lastKnownFileType = image.png; path = placeholder.png; sourceTree = "<group>"; };
		03CCDAF92F18A47C009C6C2A /* library.png */ = {isa = PBXFileReference; lastKnownFileType = image.png; path = library.png; sourceTree = "<group>"; };
		03CCDAFA2F18A47C009C6C2A /* library@2x.png */ = {isa = PBXFileReference; lastKnownFileType = image.png; path = "library@2x.png"; sourceTree = "<group>"; };
		03CCDAFD2F18A4D5009C6C2A /* browse.png */ = {isa = PBXFileReference; lastKnownFileType = image.png; path = browse.png; sourceTree = "<group>"; };
		03CCDAFE2F18A4D5009C6C2A /* browse@2x.png */ = {isa = PBXFileReference; lastKnownFileType = image.png; path = "browse@2x.png"; sourceTree = "<group>"; };
		03CCDB012F18A525009C6C2A /* settings.png */ = {isa = PBXFileReference; lastKnownFileType = image.png; path = settings.png; sourceTree = "<group>"; };
		03CCDB022F18A525009C6C2A /* settings@2x.png */ = {isa = PBXFileReference; lastKnownFileType = image.png; path = "settings@2x.png"; sourceTree = "<group>"; };
		03DCE23C2F0DBFAE00E49AB9 /* Yomigaeru.app */ = {isa = PBXFileReference; explicitFileType = wrapper.application; includeInIndex = 0; path = Yomigaeru.app; sourceTree = BUILT_PRODUCTS_DIR; };
		03DCE2402F0DBFAE00E49AB9 /* UIKit.framework */ = {isa = PBXFileReference; lastKnownFileType = wrapper.framework; name = UIKit.framework; path = System/Library/Frameworks/UIKit.framework; sourceTree = SDKROOT; };
		03DCE2422F0DBFAE00E49AB9 /* Foundation.framework */ = {isa = PBXFileReference; lastKnownFileType = wrapper.framework; name = Foundation.framework; path = System/Library/Frameworks/Foundation.framework; sourceTree = SDKROOT; };
		03DCE2442F0DBFAE00E49AB9 /* CoreGraphics.framework */ = {isa = PBXFileReference; lastKnownFileType = wrapper.framework; name = CoreGraphics.framework; path = System/Library/Frameworks/CoreGraphics.framework; sourceTree = SDKROOT; };
		03DCE2482F0DBFAE00E49AB9 /* Yomigaeru-Info.plist */ = {isa = PBXFileReference; lastKnownFileType = text.plist.xml; path = "Yomigaeru-Info.plist"; sourceTree = "<group>"; };
		03DCE24A2F0DBFAE00E49AB9 /* en */ = {isa = PBXFileReference; lastKnownFileType = text.plist.strings; name = en; path = en.lproj/InfoPlist.strings; sourceTree = "<group>"; };
		03DCE24C2F0DBFAE00E49AB9 /* main.m */ = {isa = PBXFileReference; lastKnownFileType = sourcecode.c.objc; path = main.m; sourceTree = "<group>"; };
		03DCE24E2F0DBFAE00E49AB9 /* Yomigaeru-Prefix.pch */ = {isa = PBXFileReference; lastKnownFileType = sourcecode.c.h; path = "Yomigaeru-Prefix.pch"; sourceTree = "<group>"; };
		03DCE24F2F0DBFAE00E49AB9 /* YGRAppDelegate.h */ = {isa = PBXFileReference; lastKnownFileType = sourcecode.c.h; path = YGRAppDelegate.h; sourceTree = "<group>"; };
		03DCE2502F0DBFAE00E49AB9 /* YGRAppDelegate.m */ = {isa = PBXFileReference; lastKnownFileType = sourcecode.c.objc; path = YGRAppDelegate.m; sourceTree = "<group>"; };
		03DCE2602F0DBFAE00E49AB9 /* YomigaeruTests.octest */ = {isa = PBXFileReference; explicitFileType = wrapper.cfbundle; includeInIndex = 0; path = YomigaeruTests.octest; sourceTree = BUILT_PRODUCTS_DIR; };
		03DCE2612F0DBFAE00E49AB9 /* SenTestingKit.framework */ = {isa = PBXFileReference; lastKnownFileType = wrapper.framework; name = SenTestingKit.framework; path = Library/Frameworks/SenTestingKit.framework; sourceTree = DEVELOPER_DIR; };
		03DCE2692F0DBFAE00E49AB9 /* YomigaeruTests-Info.plist */ = {isa = PBXFileReference; lastKnownFileType = text.plist.xml; path = "YomigaeruTests-Info.plist"; sourceTree = "<group>"; };
		03DCE26B2F0DBFAE00E49AB9 /* en */ = {isa = PBXFileReference; lastKnownFileType = text.plist.strings; name = en; path = en.lproj/InfoPlist.strings; sourceTree = "<group>"; };
		03DCE26D2F0DBFAE00E49AB9 /* YomigaeruTests.h */ = {isa = PBXFileReference; lastKnownFileType = sourcecode.c.h; path = YomigaeruTests.h; sourceTree = "<group>"; };
		03DCE26E2F0DBFAE00E49AB9 /* YomigaeruTests.m */ = {isa = PBXFileReference; lastKnownFileType = sourcecode.c.objc; path = YomigaeruTests.m; sourceTree = "<group>"; };
		03DCE28D2F0DC0FE00E49AB9 /* YGRCategory.h */ = {isa = PBXFileReference; fileEncoding = 4; lastKnownFileType = sourcecode.c.h; path = YGRCategory.h; sourceTree = "<group>"; };
		03DCE28E2F0DC0FE00E49AB9 /* YGRCategory.m */ = {isa = PBXFileReference; fileEncoding = 4; lastKnownFileType = sourcecode.c.objc; path = YGRCategory.m; sourceTree = "<group>"; };
		03DCE28F2F0DC0FE00E49AB9 /* YGRChapter.h */ = {isa = PBXFileReference; fileEncoding = 4; lastKnownFileType = sourcecode.c.h; path = YGRChapter.h; sourceTree = "<group>"; };
		03DCE2902F0DC0FE00E49AB9 /* YGRChapter.m */ = {isa = PBXFileReference; fileEncoding = 4; lastKnownFileType = sourcecode.c.objc; path = YGRChapter.m; sourceTree = "<group>"; };
		03DCE2912F0DC0FE00E49AB9 /* YGRExtension.h */ = {isa = PBXFileReference; fileEncoding = 4; lastKnownFileType = sourcecode.c.h; path = YGRExtension.h; sourceTree = "<group>"; };
		03DCE2922F0DC0FE00E49AB9 /* YGRExtension.m */ = {isa = PBXFileReference; fileEncoding = 4; lastKnownFileType = sourcecode.c.objc; path = YGRExtension.m; sourceTree = "<group>"; };
		03DCE2932F0DC0FE00E49AB9 /* YGRManga.h */ = {isa = PBXFileReference; fileEncoding = 4; lastKnownFileType = sourcecode.c.h; path = YGRManga.h; sourceTree = "<group>"; };
		03DCE2942F0DC0FE00E49AB9 /* YGRManga.m */ = {isa = PBXFileReference; fileEncoding = 4; lastKnownFileType = sourcecode.c.objc; path = YGRManga.m; sourceTree = "<group>"; };
		03DCE2952F0DC0FE00E49AB9 /* YGRSource.h */ = {isa = PBXFileReference; fileEncoding = 4; lastKnownFileType = sourcecode.c.h; path = YGRSource.h; sourceTree = "<group>"; };
		03DCE2962F0DC0FE00E49AB9 /* YGRSource.m */ = {isa = PBXFileReference; fileEncoding = 4; lastKnownFileType = sourcecode.c.objc; path = YGRSource.m; sourceTree = "<group>"; };
		03DCE2A12F0DC18F00E49AB9 /* YGRMangaStatusUtility.h */ = {isa = PBXFileReference; fileEncoding = 4; lastKnownFileType = sourcecode.c.h; path = YGRMangaStatusUtility.h; sourceTree = "<group>"; };
		03DCE2A22F0DC18F00E49AB9 /* YGRMangaStatusUtility.m */ = {isa = PBXFileReference; fileEncoding = 4; lastKnownFileType = sourcecode.c.objc; path = YGRMangaStatusUtility.m; sourceTree = "<group>"; };
		03DCE2A32F0DC18F00E49AB9 /* YGRUpdateStrategyUtility.h */ = {isa = PBXFileReference; fileEncoding = 4; lastKnownFileType = sourcecode.c.h; path = YGRUpdateStrategyUtility.h; sourceTree = "<group>"; };
		03DCE2A42F0DC18F00E49AB9 /* YGRUpdateStrategyUtility.m */ = {isa = PBXFileReference; fileEncoding = 4; lastKnownFileType = sourcecode.c.objc; path = YGRUpdateStrategyUtility.m; sourceTree = "<group>"; };
		03DCE2AA2F0DC21F00E49AB9 /* WebP.framework */ = {isa = PBXFileReference; lastKnownFileType = wrapper.framework; path = WebP.framework; sourceTree = "<group>"; };
		03DCE2AD2F0DC23400E49AB9 /* YGRImageUtility.h */ = {isa = PBXFileReference; fileEncoding = 4; lastKnownFileType = sourcecode.c.h; path = YGRImageUtility.h; sourceTree = "<group>"; };
		03DCE2AE2F0DC23400E49AB9 /* YGRImageUtility.m */ = {isa = PBXFileReference; fileEncoding = 4; lastKnownFileType = sourcecode.c.objc; path = YGRImageUtility.m; sourceTree = "<group>"; };
		03DCE2B22F0DC31B00E49AB9 /* YGRHttpStatus.h */ = {isa = PBXFileReference; fileEncoding = 4; lastKnownFileType = sourcecode.c.h; path = YGRHttpStatus.h; sourceTree = "<group>"; };
		03DCE2B32F0DC31B00E49AB9 /* YGRCategoryService.h */ = {isa = PBXFileReference; fileEncoding = 4; lastKnownFileType = sourcecode.c.h; path = YGRCategoryService.h; sourceTree = "<group>"; };
		03DCE2B42F0DC31B00E49AB9 /* YGRCategoryService.m */ = {isa = PBXFileReference; fileEncoding = 4; lastKnownFileType = sourcecode.c.objc; path = YGRCategoryService.m; sourceTree = "<group>"; };
		03DCE2B52F0DC31B00E49AB9 /* YGRExtensionService.h */ = {isa = PBXFileReference; fileEncoding = 4; lastKnownFileType = sourcecode.c.h; path = YGRExtensionService.h; sourceTree = "<group>"; };
		03DCE2B62F0DC31B00E49AB9 /* YGRExtensionService.m */ = {isa = PBXFileReference; fileEncoding = 4; lastKnownFileType = sourcecode.c.objc; path = YGRExtensionService.m; sourceTree = "<group>"; };
		03DCE2B72F0DC31B00E49AB9 /* YGRMangaService.h */ = {isa = PBXFileReference; fileEncoding = 4; lastKnownFileType = sourcecode.c.h; path = YGRMangaService.h; sourceTree = "<group>"; };
		03DCE2B82F0DC31B00E49AB9 /* YGRMangaService.m */ = {isa = PBXFileReference; fileEncoding = 4; lastKnownFileType = sourcecode.c.objc; path = YGRMangaService.m; sourceTree = "<group>"; };
		03DCE2B92F0DC31B00E49AB9 /* YGRSourceService.h */ = {isa = PBXFileReference; fileEncoding = 4; lastKnownFileType = sourcecode.c.h; path = YGRSourceService.h; sourceTree = "<group>"; };
		03DCE2BA2F0DC31B00E49AB9 /* YGRSourceService.m */ = {isa = PBXFileReference; fileEncoding = 4; lastKnownFileType = sourcecode.c.objc; path = YGRSourceService.m; sourceTree = "<group>"; };
		03DCE2C42F0DC34000E49AB9 /* YGRNetworkManager.h */ = {isa = PBXFileReference; fileEncoding = 4; lastKnownFileType = sourcecode.c.h; path = YGRNetworkManager.h; sourceTree = "<group>"; };
		03DCE2C52F0DC34000E49AB9 /* YGRNetworkManager.m */ = {isa = PBXFileReference; fileEncoding = 4; lastKnownFileType = sourcecode.c.objc; path = YGRNetworkManager.m; sourceTree = "<group>"; };
		03DCE2C62F0DC34000E49AB9 /* YGRSettingsManager.h */ = {isa = PBXFileReference; fileEncoding = 4; lastKnownFileType = sourcecode.c.h; path = YGRSettingsManager.h; sourceTree = "<group>"; };
		03DCE2C72F0DC34000E49AB9 /* YGRSettingsManager.m */ = {isa = PBXFileReference; fileEncoding = 4; lastKnownFileType = sourcecode.c.objc; path = YGRSettingsManager.m; sourceTree = "<group>"; };
		03DCE2CC2F0DC3D300E49AB9 /* YGRAPITestViewController.h */ = {isa = PBXFileReference; fileEncoding = 4; lastKnownFileType = sourcecode.c.h; path = YGRAPITestViewController.h; sourceTree = "<group>"; };
		03DCE2CD2F0DC3D300E49AB9 /* YGRAPITestViewController.m */ = {isa = PBXFileReference; fileEncoding = 4; lastKnownFileType = sourcecode.c.objc; path = YGRAPITestViewController.m; sourceTree = "<group>"; };
		03DCE2CE2F0DC3D300E49AB9 /* YGRTabBarController.h */ = {isa = PBXFileReference; fileEncoding = 4; lastKnownFileType = sourcecode.c.h; path = YGRTabBarController.h; sourceTree = "<group>"; };
		03DCE2CF2F0DC3D300E49AB9 /* YGRTabBarController.m */ = {isa = PBXFileReference; fileEncoding = 4; lastKnownFileType = sourcecode.c.objc; path = YGRTabBarController.m; sourceTree = "<group>"; };
		03DCE2E22F0DC41300E49AB9 /* YGRLibraryViewController.h */ = {isa = PBXFileReference; fileEncoding = 4; lastKnownFileType = sourcecode.c.h; path = YGRLibraryViewController.h; sourceTree = "<group>"; };
		03DCE2E32F0DC41300E49AB9 /* YGRLibraryViewController.m */ = {isa = PBXFileReference; fileEncoding = 4; lastKnownFileType = sourcecode.c.objc; path = YGRLibraryViewController.m; sourceTree = "<group>"; };
		03DCE2E42F0DC41300E49AB9 /* YGRMangaViewController.h */ = {isa = PBXFileReference; fileEncoding = 4; lastKnownFileType = sourcecode.c.h; path = YGRMangaViewController.h; sourceTree = "<group>"; };
		03DCE2E52F0DC41300E49AB9 /* YGRMangaViewController.m */ = {isa = PBXFileReference; fileEncoding = 4; lastKnownFileType = sourcecode.c.objc; path = YGRMangaViewController.m; sourceTree = "<group>"; };
		03FFDB4A2F0E182B00813B1C /* Icon@2x.png */ = {isa = PBXFileReference; lastKnownFileType = image.png; path = "Icon@2x.png"; sourceTree = "<group>"; };
		03FFDB4C2F0E187E00813B1C /* Icon2x.png */ = {isa = PBXFileReference; lastKnownFileType = image.png; path = Icon2x.png; sourceTree = "<group>"; };
		03FFDB4E2F0F25EA00813B1C /* YGRSettingsViewController.h */ = {isa = PBXFileReference; fileEncoding = 4; lastKnownFileType = sourcecode.c.h; path = YGRSettingsViewController.h; sourceTree = "<group>"; };
		03FFDB4F2F0F25EA00813B1C /* YGRSettingsViewController.m */ = {isa = PBXFileReference; fileEncoding = 4; lastKnownFileType = sourcecode.c.objc; path = YGRSettingsViewController.m; sourceTree = "<group>"; };
		03FFDB572F0F267B00813B1C /* YGRServerSettingsViewController.h */ = {isa = PBXFileReference; fileEncoding = 4; lastKnownFileType = sourcecode.c.h; path = YGRServerSettingsViewController.h; sourceTree = "<group>"; };
		03FFDB582F0F267B00813B1C /* YGRServerSettingsViewController.m */ = {isa = PBXFileReference; fileEncoding = 4; lastKnownFileType = sourcecode.c.objc; path = YGRServerSettingsViewController.m; sourceTree = "<group>"; };
		03FFDB5F2F0F48E200813B1C /* YGRServerBaseURLViewController.h */ = {isa = PBXFileReference; fileEncoding = 4; lastKnownFileType = sourcecode.c.h; path = YGRServerBaseURLViewController.h; sourceTree = "<group>"; };
		03FFDB602F0F48E200813B1C /* YGRServerBaseURLViewController.m */ = {isa = PBXFileReference; fileEncoding = 4; lastKnownFileType = sourcecode.c.objc; path = YGRServerBaseURLViewController.m; sourceTree = "<group>"; };
		64AA31E88B5EF77E3D7D7D31 /* Pods-YomigaeruTests.release.xcconfig */ = {isa = PBXFileReference; includeInIndex = 1; lastKnownFileType = text.xcconfig; name = "Pods-YomigaeruTests.release.xcconfig"; path = "Target Support Files/Pods-YomigaeruTests/Pods-YomigaeruTests.release.xcconfig"; sourceTree = "<group>"; };
		7066D610C04B17028E21BD90 /* Pods-Yomigaeru.debug.xcconfig */ = {isa = PBXFileReference; includeInIndex = 1; lastKnownFileType = text.xcconfig; name = "Pods-Yomigaeru.debug.xcconfig"; path = "Target Support Files/Pods-Yomigaeru/Pods-Yomigaeru.debug.xcconfig"; sourceTree = "<group>"; };
		B0817C01DA4C9B027C88D490 /* libPods-YomigaeruTests.a */ = {isa = PBXFileReference; explicitFileType = archive.ar; includeInIndex = 0; path = "libPods-YomigaeruTests.a"; sourceTree = BUILT_PRODUCTS_DIR; };
		C37C68E47A47E81581CD4ED2 /* Pods-YomigaeruTests.debug.xcconfig */ = {isa = PBXFileReference; includeInIndex = 1; lastKnownFileType = text.xcconfig; name = "Pods-YomigaeruTests.debug.xcconfig"; path = "Target Support Files/Pods-YomigaeruTests/Pods-YomigaeruTests.debug.xcconfig"; sourceTree = "<group>"; };
		C38258450F3C2F1586EE9EE3 /* Pods-Yomigaeru.release.xcconfig */ = {isa = PBXFileReference; includeInIndex = 1; lastKnownFileType = text.xcconfig; name = "Pods-Yomigaeru.release.xcconfig"; path = "Target Support Files/Pods-Yomigaeru/Pods-Yomigaeru.release.xcconfig"; sourceTree = "<group>"; };
		DBCF7370D363A13B8D97C155 /* libPods-Yomigaeru.a */ = {isa = PBXFileReference; explicitFileType = archive.ar; includeInIndex = 0; path = "libPods-Yomigaeru.a"; sourceTree = BUILT_PRODUCTS_DIR; };
/* End PBXFileReference section */

/* Begin PBXFrameworksBuildPhase section */
		03DCE2392F0DBFAE00E49AB9 /* Frameworks */ = {
			isa = PBXFrameworksBuildPhase;
			buildActionMask = 2147483647;
			files = (
				03DCE2412F0DBFAE00E49AB9 /* UIKit.framework in Frameworks */,
				03DCE2432F0DBFAE00E49AB9 /* Foundation.framework in Frameworks */,
				03DCE2452F0DBFAE00E49AB9 /* CoreGraphics.framework in Frameworks */,
				03DCE2AB2F0DC21F00E49AB9 /* WebP.framework in Frameworks */,
				70D16D28C3AB9EFAD576A708 /* libPods-Yomigaeru.a in Frameworks */,
			);
			runOnlyForDeploymentPostprocessing = 0;
		};
		03DCE25C2F0DBFAE00E49AB9 /* Frameworks */ = {
			isa = PBXFrameworksBuildPhase;
			buildActionMask = 2147483647;
			files = (
				03DCE2622F0DBFAE00E49AB9 /* SenTestingKit.framework in Frameworks */,
				03DCE2632F0DBFAE00E49AB9 /* UIKit.framework in Frameworks */,
				03DCE2642F0DBFAE00E49AB9 /* Foundation.framework in Frameworks */,
				03DCE2AC2F0DC21F00E49AB9 /* WebP.framework in Frameworks */,
				D5185BB292259624AA114037 /* libPods-YomigaeruTests.a in Frameworks */,
			);
			runOnlyForDeploymentPostprocessing = 0;
		};
/* End PBXFrameworksBuildPhase section */

/* Begin PBXGroup section */
		0357B1FB2F0F543600D5096E /* Server */ = {
			isa = PBXGroup;
			children = (
				03FFDB572F0F267B00813B1C /* YGRServerSettingsViewController.h */,
				03FFDB582F0F267B00813B1C /* YGRServerSettingsViewController.m */,
				03FFDB5F2F0F48E200813B1C /* YGRServerBaseURLViewController.h */,
				03FFDB602F0F48E200813B1C /* YGRServerBaseURLViewController.m */,
			);
			name = Server;
			sourceTree = "<group>";
		};
		0357B1FD2F0F67B000D5096E /* Cells */ = {
			isa = PBXGroup;
			children = (
				0357B1FE2F0F67D500D5096E /* YGRTextFieldCell.h */,
				0357B1FF2F0F67D500D5096E /* YGRTextFieldCell.m */,
				03AFE1862F188EE500CC1CBB /* YGRLibraryCell.h */,
				03AFE1872F188EE500CC1CBB /* YGRLibraryCell.m */,
			);
			name = Cells;
			sourceTree = "<group>";
		};
		0357B2022F0F6A0500D5096E /* About */ = {
			isa = PBXGroup;
			children = (
				0357B2032F0F6A4B00D5096E /* YGRAboutViewController.h */,
				0357B2042F0F6A4B00D5096E /* YGRAboutViewController.m */,
			);
			name = About;
			sourceTree = "<group>";
		};
		0357B2132F1711C200D5096E /* Browse */ = {
			isa = PBXGroup;
			children = (
				038216C22F19B13D00D5D620 /* Protocols */,
				0357B21F2F17338D00D5096E /* YGRBrowseViewController.h */,
				0357B21A2F1712AC00D5096E /* YGRBrowseViewController.m */,
				0357B2142F1711C800D5096E /* Sources */,
				0357B2152F1711D200D5096E /* Extensions */,
			);
			name = Browse;
			sourceTree = "<group>";
		};
		0357B2142F1711C800D5096E /* Sources */ = {
			isa = PBXGroup;
			children = (
				0357B2162F1711FA00D5096E /* YGRSourcesViewController.h */,
				0357B2172F1711FA00D5096E /* YGRSourcesViewController.m */,
			);
			name = Sources;
			sourceTree = "<group>";
		};
		0357B2152F1711D200D5096E /* Extensions */ = {
			isa = PBXGroup;
			children = (
				0357B21C2F1732A600D5096E /* YGRExtensionsViewController.h */,
				0357B21D2F1732A600D5096E /* YGRExtensionsViewController.m */,
				0357B2202F17640300D5096E /* YGRExtensionInfoViewController.h */,
				0357B2212F17640400D5096E /* YGRExtensionInfoViewController.m */,
			);
			name = Extensions;
			sourceTree = "<group>";
		};
		03766A0A2F0E0DAC004441D1 /* Tab Bar Icons */ = {
			isa = PBXGroup;
			children = (
				03CCDB012F18A525009C6C2A /* settings.png */,
				03CCDB022F18A525009C6C2A /* settings@2x.png */,
				03CCDAFD2F18A4D5009C6C2A /* browse.png */,
				03CCDAFE2F18A4D5009C6C2A /* browse@2x.png */,
				03CCDAF92F18A47C009C6C2A /* library.png */,
				03CCDAFA2F18A47C009C6C2A /* library@2x.png */,
			);
			name = "Tab Bar Icons";
			sourceTree = "<group>";
		};
		038216C22F19B13D00D5D620 /* Protocols */ = {
			isa = PBXGroup;
			children = (
				038216C02F19ABDF00D5D620 /* YGRRefreshable.h */,
				038216C32F19B22700D5D620 /* YGRChildRefreshDelegate.h */,
			);
			name = Protocols;
			sourceTree = "<group>";
		};
		03DCE2312F0DBFAE00E49AB9 = {
			isa = PBXGroup;
			children = (
				03FFDB4C2F0E187E00813B1C /* Icon2x.png */,
				03FFDB4A2F0E182B00813B1C /* Icon@2x.png */,
				03DCE2462F0DBFAE00E49AB9 /* Yomigaeru */,
				03DCE2672F0DBFAE00E49AB9 /* YomigaeruTests */,
				03DCE23F2F0DBFAE00E49AB9 /* Frameworks */,
				03DCE23D2F0DBFAE00E49AB9 /* Products */,
				72ABBFFC9C45361B4F355D3B /* Pods */,
			);
			sourceTree = "<group>";
		};
		03DCE23D2F0DBFAE00E49AB9 /* Products */ = {
			isa = PBXGroup;
			children = (
				03DCE23C2F0DBFAE00E49AB9 /* Yomigaeru.app */,
				03DCE2602F0DBFAE00E49AB9 /* YomigaeruTests.octest */,
			);
			name = Products;
			sourceTree = "<group>";
		};
		03DCE23F2F0DBFAE00E49AB9 /* Frameworks */ = {
			isa = PBXGroup;
			children = (
				03DCE2AA2F0DC21F00E49AB9 /* WebP.framework */,
				03DCE2402F0DBFAE00E49AB9 /* UIKit.framework */,
				03DCE2422F0DBFAE00E49AB9 /* Foundation.framework */,
				03DCE2442F0DBFAE00E49AB9 /* CoreGraphics.framework */,
				03DCE2612F0DBFAE00E49AB9 /* SenTestingKit.framework */,
				DBCF7370D363A13B8D97C155 /* libPods-Yomigaeru.a */,
				B0817C01DA4C9B027C88D490 /* libPods-YomigaeruTests.a */,
			);
			name = Frameworks;
			sourceTree = "<group>";
		};
		03DCE2462F0DBFAE00E49AB9 /* Yomigaeru */ = {
			isa = PBXGroup;
			children = (
				03DCE27A2F0DC04B00E49AB9 /* Models */,
				03DCE2B12F0DC23C00E49AB9 /* Utilities */,
				03DCE2792F0DC04100E49AB9 /* Services */,
				03DCE2782F0DBFD600E49AB9 /* Views */,
				03DCE24F2F0DBFAE00E49AB9 /* YGRAppDelegate.h */,
				03DCE2502F0DBFAE00E49AB9 /* YGRAppDelegate.m */,
				03DCE2472F0DBFAE00E49AB9 /* Supporting Files */,
			);
			path = Yomigaeru;
			sourceTree = "<group>";
		};
		03DCE2472F0DBFAE00E49AB9 /* Supporting Files */ = {
			isa = PBXGroup;
			children = (
				03B5C1FD2F185B3500B8898A /* placeholder.png */,
				03766A0A2F0E0DAC004441D1 /* Tab Bar Icons */,
				03DCE2482F0DBFAE00E49AB9 /* Yomigaeru-Info.plist */,
				03DCE2492F0DBFAE00E49AB9 /* InfoPlist.strings */,
				03DCE24C2F0DBFAE00E49AB9 /* main.m */,
				03DCE24E2F0DBFAE00E49AB9 /* Yomigaeru-Prefix.pch */,
			);
			name = "Supporting Files";
			sourceTree = "<group>";
		};
		03DCE2672F0DBFAE00E49AB9 /* YomigaeruTests */ = {
			isa = PBXGroup;
			children = (
				03DCE26D2F0DBFAE00E49AB9 /* YomigaeruTests.h */,
				03DCE26E2F0DBFAE00E49AB9 /* YomigaeruTests.m */,
				03DCE2682F0DBFAE00E49AB9 /* Supporting Files */,
			);
			path = YomigaeruTests;
			sourceTree = "<group>";
		};
		03DCE2682F0DBFAE00E49AB9 /* Supporting Files */ = {
			isa = PBXGroup;
			children = (
				03DCE2692F0DBFAE00E49AB9 /* YomigaeruTests-Info.plist */,
				03DCE26A2F0DBFAE00E49AB9 /* InfoPlist.strings */,
			);
			name = "Supporting Files";
			sourceTree = "<group>";
		};
		03DCE2782F0DBFD600E49AB9 /* Views */ = {
			isa = PBXGroup;
			children = (
				03DCE2CE2F0DC3D300E49AB9 /* YGRTabBarController.h */,
				03DCE2CF2F0DC3D300E49AB9 /* YGRTabBarController.m */,
				0357B1FD2F0F67B000D5096E /* Cells */,
				03DCE2E12F0DC40300E49AB9 /* Library */,
				0357B2132F1711C200D5096E /* Browse */,
				03FFDB522F0F25F600813B1C /* Settings */,
				03DCE2E02F0DC3EA00E49AB9 /* Test */,
			);
			name = Views;
			sourceTree = "<group>";
		};
		03DCE2792F0DC04100E49AB9 /* Services */ = {
			isa = PBXGroup;
			children = (
				03DCE2C32F0DC33300E49AB9 /* Managers */,
				03DCE2B22F0DC31B00E49AB9 /* YGRHttpStatus.h */,
				03DCE2B32F0DC31B00E49AB9 /* YGRCategoryService.h */,
				03DCE2B42F0DC31B00E49AB9 /* YGRCategoryService.m */,
				03DCE2B52F0DC31B00E49AB9 /* YGRExtensionService.h */,
				03DCE2B62F0DC31B00E49AB9 /* YGRExtensionService.m */,
				03DCE2B72F0DC31B00E49AB9 /* YGRMangaService.h */,
				03DCE2B82F0DC31B00E49AB9 /* YGRMangaService.m */,
				03DCE2B92F0DC31B00E49AB9 /* YGRSourceService.h */,
				03DCE2BA2F0DC31B00E49AB9 /* YGRSourceService.m */,
			);
			name = Services;
			sourceTree = "<group>";
		};
		03DCE27A2F0DC04B00E49AB9 /* Models */ = {
			isa = PBXGroup;
			children = (
				03DCE2A92F0DC19700E49AB9 /* Enums */,
				03DCE28D2F0DC0FE00E49AB9 /* YGRCategory.h */,
				03DCE28E2F0DC0FE00E49AB9 /* YGRCategory.m */,
				03DCE28F2F0DC0FE00E49AB9 /* YGRChapter.h */,
				03DCE2902F0DC0FE00E49AB9 /* YGRChapter.m */,
				03DCE2912F0DC0FE00E49AB9 /* YGRExtension.h */,
				03DCE2922F0DC0FE00E49AB9 /* YGRExtension.m */,
				03DCE2932F0DC0FE00E49AB9 /* YGRManga.h */,
				03DCE2942F0DC0FE00E49AB9 /* YGRManga.m */,
				03DCE2952F0DC0FE00E49AB9 /* YGRSource.h */,
				03DCE2962F0DC0FE00E49AB9 /* YGRSource.m */,
			);
			name = Models;
			sourceTree = "<group>";
		};
		03DCE2A92F0DC19700E49AB9 /* Enums */ = {
			isa = PBXGroup;
			children = (
				03DCE2A12F0DC18F00E49AB9 /* YGRMangaStatusUtility.h */,
				03DCE2A22F0DC18F00E49AB9 /* YGRMangaStatusUtility.m */,
				03DCE2A32F0DC18F00E49AB9 /* YGRUpdateStrategyUtility.h */,
				03DCE2A42F0DC18F00E49AB9 /* YGRUpdateStrategyUtility.m */,
			);
			name = Enums;
			sourceTree = "<group>";
		};
		03DCE2B12F0DC23C00E49AB9 /* Utilities */ = {
			isa = PBXGroup;
			children = (
				03DCE2AD2F0DC23400E49AB9 /* YGRImageUtility.h */,
				03DCE2AE2F0DC23400E49AB9 /* YGRImageUtility.m */,
			);
			name = Utilities;
			sourceTree = "<group>";
		};
		03DCE2C32F0DC33300E49AB9 /* Managers */ = {
			isa = PBXGroup;
			children = (
				03DCE2C42F0DC34000E49AB9 /* YGRNetworkManager.h */,
				03DCE2C52F0DC34000E49AB9 /* YGRNetworkManager.m */,
				03DCE2C62F0DC34000E49AB9 /* YGRSettingsManager.h */,
				03DCE2C72F0DC34000E49AB9 /* YGRSettingsManager.m */,
			);
			name = Managers;
			sourceTree = "<group>";
		};
		03DCE2E02F0DC3EA00E49AB9 /* Test */ = {
			isa = PBXGroup;
			children = (
				03DCE2CC2F0DC3D300E49AB9 /* YGRAPITestViewController.h */,
				03DCE2CD2F0DC3D300E49AB9 /* YGRAPITestViewController.m */,
			);
			name = Test;
			sourceTree = "<group>";
		};
		03DCE2E12F0DC40300E49AB9 /* Library */ = {
			isa = PBXGroup;
			children = (
				03DCE2E22F0DC41300E49AB9 /* YGRLibraryViewController.h */,
				03DCE2E32F0DC41300E49AB9 /* YGRLibraryViewController.m */,
				03DCE2E42F0DC41300E49AB9 /* YGRMangaViewController.h */,
				03DCE2E52F0DC41300E49AB9 /* YGRMangaViewController.m */,
				031497782F0DD7030018F3F1 /* YGRChapterViewController.h */,
				031497792F0DD7030018F3F1 /* YGRChapterViewController.m */,
				0314977C2F0DD7170018F3F1 /* YGRPageViewController.h */,
				0314977D2F0DD7170018F3F1 /* YGRPageViewController.m */,
			);
			name = Library;
			sourceTree = "<group>";
		};
		03FFDB522F0F25F600813B1C /* Settings */ = {
			isa = PBXGroup;
			children = (
				03FFDB4E2F0F25EA00813B1C /* YGRSettingsViewController.h */,
				03FFDB4F2F0F25EA00813B1C /* YGRSettingsViewController.m */,
				0357B1FB2F0F543600D5096E /* Server */,
				0357B2022F0F6A0500D5096E /* About */,
			);
			name = Settings;
			sourceTree = "<group>";
		};
		72ABBFFC9C45361B4F355D3B /* Pods */ = {
			isa = PBXGroup;
			children = (
				7066D610C04B17028E21BD90 /* Pods-Yomigaeru.debug.xcconfig */,
				C38258450F3C2F1586EE9EE3 /* Pods-Yomigaeru.release.xcconfig */,
				C37C68E47A47E81581CD4ED2 /* Pods-YomigaeruTests.debug.xcconfig */,
				64AA31E88B5EF77E3D7D7D31 /* Pods-YomigaeruTests.release.xcconfig */,
			);
			path = Pods;
			sourceTree = "<group>";
		};
/* End PBXGroup section */

/* Begin PBXNativeTarget section */
		03DCE23B2F0DBFAE00E49AB9 /* Yomigaeru */ = {
			isa = PBXNativeTarget;
			buildConfigurationList = 03DCE2722F0DBFAE00E49AB9 /* Build configuration list for PBXNativeTarget "Yomigaeru" */;
			buildPhases = (
				65553208FBE6F0571E4B163A /* [CP] Check Pods Manifest.lock */,
				03DCE2382F0DBFAE00E49AB9 /* Sources */,
				03DCE2392F0DBFAE00E49AB9 /* Frameworks */,
				03DCE23A2F0DBFAE00E49AB9 /* Resources */,
				67DE0149527FE620184CDB1D /* [CP] Copy Pods Resources */,
			);
			buildRules = (
			);
			dependencies = (
			);
			name = Yomigaeru;
			productName = Yomigaeru;
			productReference = 03DCE23C2F0DBFAE00E49AB9 /* Yomigaeru.app */;
			productType = "com.apple.product-type.application";
		};
		03DCE25F2F0DBFAE00E49AB9 /* YomigaeruTests */ = {
			isa = PBXNativeTarget;
			buildConfigurationList = 03DCE2752F0DBFAE00E49AB9 /* Build configuration list for PBXNativeTarget "YomigaeruTests" */;
			buildPhases = (
				4FD929577C93773F58D38F77 /* [CP] Check Pods Manifest.lock */,
				03DCE25B2F0DBFAE00E49AB9 /* Sources */,
				03DCE25C2F0DBFAE00E49AB9 /* Frameworks */,
				03DCE25D2F0DBFAE00E49AB9 /* Resources */,
				03DCE25E2F0DBFAE00E49AB9 /* ShellScript */,
			);
			buildRules = (
			);
			dependencies = (
				03DCE2662F0DBFAE00E49AB9 /* PBXTargetDependency */,
			);
			name = YomigaeruTests;
			productName = YomigaeruTests;
			productReference = 03DCE2602F0DBFAE00E49AB9 /* YomigaeruTests.octest */;
			productType = "com.apple.product-type.bundle";
		};
/* End PBXNativeTarget section */

/* Begin PBXProject section */
		03DCE2332F0DBFAE00E49AB9 /* Project object */ = {
			isa = PBXProject;
			attributes = {
				CLASSPREFIX = YGR;
				LastUpgradeCheck = 0440;
				ORGANIZATIONNAME = "Wumbo World";
			};
			buildConfigurationList = 03DCE2362F0DBFAE00E49AB9 /* Build configuration list for PBXProject "Yomigaeru" */;
			compatibilityVersion = "Xcode 3.2";
			developmentRegion = English;
			hasScannedForEncodings = 0;
			knownRegions = (
				en,
			);
			mainGroup = 03DCE2312F0DBFAE00E49AB9;
			productRefGroup = 03DCE23D2F0DBFAE00E49AB9 /* Products */;
			projectDirPath = "";
			projectRoot = "";
			targets = (
				03DCE23B2F0DBFAE00E49AB9 /* Yomigaeru */,
				03DCE25F2F0DBFAE00E49AB9 /* YomigaeruTests */,
			);
		};
/* End PBXProject section */

/* Begin PBXResourcesBuildPhase section */
		03DCE23A2F0DBFAE00E49AB9 /* Resources */ = {
			isa = PBXResourcesBuildPhase;
			buildActionMask = 2147483647;
			files = (
				03DCE24B2F0DBFAE00E49AB9 /* InfoPlist.strings in Resources */,
				03FFDB4B2F0E182B00813B1C /* Icon@2x.png in Resources */,
				03FFDB4D2F0E187E00813B1C /* Icon2x.png in Resources */,
				03B5C1FE2F185B3500B8898A /* placeholder.png in Resources */,
				03CCDAFB2F18A47C009C6C2A /* library.png in Resources */,
				03CCDAFC2F18A47C009C6C2A /* library@2x.png in Resources */,
				03CCDAFF2F18A4D5009C6C2A /* browse.png in Resources */,
				03CCDB002F18A4D5009C6C2A /* browse@2x.png in Resources */,
				03CCDB032F18A525009C6C2A /* settings.png in Resources */,
				03CCDB042F18A525009C6C2A /* settings@2x.png in Resources */,
			);
			runOnlyForDeploymentPostprocessing = 0;
		};
		03DCE25D2F0DBFAE00E49AB9 /* Resources */ = {
			isa = PBXResourcesBuildPhase;
			buildActionMask = 2147483647;
			files = (
				03DCE26C2F0DBFAE00E49AB9 /* InfoPlist.strings in Resources */,
			);
			runOnlyForDeploymentPostprocessing = 0;
		};
/* End PBXResourcesBuildPhase section */

/* Begin PBXShellScriptBuildPhase section */
		03DCE25E2F0DBFAE00E49AB9 /* ShellScript */ = {
			isa = PBXShellScriptBuildPhase;
			buildActionMask = 2147483647;
			files = (
			);
			inputPaths = (
			);
			outputPaths = (
			);
			runOnlyForDeploymentPostprocessing = 0;
			shellPath = /bin/sh;
			shellScript = "# Run the unit tests in this test bundle.\n\"${SYSTEM_DEVELOPER_DIR}/Tools/RunUnitTests\"\n";
		};
		4FD929577C93773F58D38F77 /* [CP] Check Pods Manifest.lock */ = {
			isa = PBXShellScriptBuildPhase;
			buildActionMask = 2147483647;
			files = (
			);
			inputPaths = (
				"${PODS_PODFILE_DIR_PATH}/Podfile.lock",
				"${PODS_ROOT}/Manifest.lock",
			);
			name = "[CP] Check Pods Manifest.lock";
			outputPaths = (
				"$(DERIVED_FILE_DIR)/Pods-YomigaeruTests-checkManifestLockResult.txt",
			);
			runOnlyForDeploymentPostprocessing = 0;
			shellPath = /bin/sh;
			shellScript = "diff \"${PODS_PODFILE_DIR_PATH}/Podfile.lock\" \"${PODS_ROOT}/Manifest.lock\" > /dev/null\nif [ $? != 0 ] ; then\n    # print error to STDERR\n    echo \"error: The sandbox is not in sync with the Podfile.lock. Run 'pod install' or update your CocoaPods installation.\" >&2\n    exit 1\nfi\n# This output is used by Xcode 'outputs' to avoid re-running this script phase.\necho \"SUCCESS\" > \"${SCRIPT_OUTPUT_FILE_0}\"\n";
			showEnvVarsInLog = 0;
		};
		65553208FBE6F0571E4B163A /* [CP] Check Pods Manifest.lock */ = {
			isa = PBXShellScriptBuildPhase;
			buildActionMask = 2147483647;
			files = (
			);
			inputPaths = (
				"${PODS_PODFILE_DIR_PATH}/Podfile.lock",
				"${PODS_ROOT}/Manifest.lock",
			);
			name = "[CP] Check Pods Manifest.lock";
			outputPaths = (
				"$(DERIVED_FILE_DIR)/Pods-Yomigaeru-checkManifestLockResult.txt",
			);
			runOnlyForDeploymentPostprocessing = 0;
			shellPath = /bin/sh;
			shellScript = "diff \"${PODS_PODFILE_DIR_PATH}/Podfile.lock\" \"${PODS_ROOT}/Manifest.lock\" > /dev/null\nif [ $? != 0 ] ; then\n    # print error to STDERR\n    echo \"error: The sandbox is not in sync with the Podfile.lock. Run 'pod install' or update your CocoaPods installation.\" >&2\n    exit 1\nfi\n# This output is used by Xcode 'outputs' to avoid re-running this script phase.\necho \"SUCCESS\" > \"${SCRIPT_OUTPUT_FILE_0}\"\n";
			showEnvVarsInLog = 0;
		};
		67DE0149527FE620184CDB1D /* [CP] Copy Pods Resources */ = {
			isa = PBXShellScriptBuildPhase;
			buildActionMask = 2147483647;
			files = (
			);
			inputPaths = (
				"${PODS_ROOT}/Target Support Files/Pods-Yomigaeru/Pods-Yomigaeru-resources.sh",
				"${PODS_ROOT}/AQGridView/Resources/AQGridSelection.png",
				"${PODS_ROOT}/AQGridView/Resources/AQGridSelectionGray.png",
				"${PODS_ROOT}/AQGridView/Resources/AQGridSelectionGrayBlue.png",
				"${PODS_ROOT}/AQGridView/Resources/AQGridSelectionGreen.png",
				"${PODS_ROOT}/AQGridView/Resources/AQGridSelectionRed.png",
			);
			name = "[CP] Copy Pods Resources";
			outputPaths = (
				"${TARGET_BUILD_DIR}/${UNLOCALIZED_RESOURCES_FOLDER_PATH}/AQGridSelection.png",
				"${TARGET_BUILD_DIR}/${UNLOCALIZED_RESOURCES_FOLDER_PATH}/AQGridSelectionGray.png",
				"${TARGET_BUILD_DIR}/${UNLOCALIZED_RESOURCES_FOLDER_PATH}/AQGridSelectionGrayBlue.png",
				"${TARGET_BUILD_DIR}/${UNLOCALIZED_RESOURCES_FOLDER_PATH}/AQGridSelectionGreen.png",
				"${TARGET_BUILD_DIR}/${UNLOCALIZED_RESOURCES_FOLDER_PATH}/AQGridSelectionRed.png",
			);
			runOnlyForDeploymentPostprocessing = 0;
			shellPath = /bin/sh;
			shellScript = "\"${PODS_ROOT}/Target Support Files/Pods-Yomigaeru/Pods-Yomigaeru-resources.sh\"\n";
			showEnvVarsInLog = 0;
		};
/* End PBXShellScriptBuildPhase section */

/* Begin PBXSourcesBuildPhase section */
		03DCE2382F0DBFAE00E49AB9 /* Sources */ = {
			isa = PBXSourcesBuildPhase;
			buildActionMask = 2147483647;
			files = (
				03DCE24D2F0DBFAE00E49AB9 /* main.m in Sources */,
				03DCE2512F0DBFAE00E49AB9 /* YGRAppDelegate.m in Sources */,
				03DCE2972F0DC0FE00E49AB9 /* YGRCategory.m in Sources */,
				03DCE2992F0DC0FE00E49AB9 /* YGRChapter.m in Sources */,
				03DCE29B2F0DC0FE00E49AB9 /* YGRExtension.m in Sources */,
				03DCE29D2F0DC0FE00E49AB9 /* YGRManga.m in Sources */,
				03DCE29F2F0DC0FE00E49AB9 /* YGRSource.m in Sources */,
				03DCE2A52F0DC19000E49AB9 /* YGRMangaStatusUtility.m in Sources */,
				03DCE2A72F0DC19000E49AB9 /* YGRUpdateStrategyUtility.m in Sources */,
				03DCE2AF2F0DC23400E49AB9 /* YGRImageUtility.m in Sources */,
				03DCE2BB2F0DC31B00E49AB9 /* YGRCategoryService.m in Sources */,
				03DCE2BD2F0DC31B00E49AB9 /* YGRExtensionService.m in Sources */,
				03DCE2BF2F0DC31B00E49AB9 /* YGRMangaService.m in Sources */,
				03DCE2C12F0DC31B00E49AB9 /* YGRSourceService.m in Sources */,
				03DCE2C82F0DC34000E49AB9 /* YGRNetworkManager.m in Sources */,
				03DCE2CA2F0DC34000E49AB9 /* YGRSettingsManager.m in Sources */,
				03DCE2D62F0DC3D300E49AB9 /* YGRAPITestViewController.m in Sources */,
				03DCE2D82F0DC3D300E49AB9 /* YGRTabBarController.m in Sources */,
				03DCE2E62F0DC41300E49AB9 /* YGRLibraryViewController.m in Sources */,
				03DCE2E82F0DC41300E49AB9 /* YGRMangaViewController.m in Sources */,
				0314977A2F0DD7030018F3F1 /* YGRChapterViewController.m in Sources */,
				0314977E2F0DD7170018F3F1 /* YGRPageViewController.m in Sources */,
				03FFDB502F0F25EA00813B1C /* YGRSettingsViewController.m in Sources */,
				03FFDB592F0F267B00813B1C /* YGRServerSettingsViewController.m in Sources */,
				03FFDB612F0F48E200813B1C /* YGRServerBaseURLViewController.m in Sources */,
				0357B2002F0F67D500D5096E /* YGRTextFieldCell.m in Sources */,
				0357B2052F0F6A4B00D5096E /* YGRAboutViewController.m in Sources */,
				0357B2182F1711FA00D5096E /* YGRSourcesViewController.m in Sources */,
				0357B21B2F1712AC00D5096E /* YGRBrowseViewController.m in Sources */,
				0357B21E2F1732A600D5096E /* YGRExtensionsViewController.m in Sources */,
				0357B2222F17640400D5096E /* YGRExtensionInfoViewController.m in Sources */,
				03AFE1882F188EE500CC1CBB /* YGRLibraryCell.m in Sources */,
			);
			runOnlyForDeploymentPostprocessing = 0;
		};
		03DCE25B2F0DBFAE00E49AB9 /* Sources */ = {
			isa = PBXSourcesBuildPhase;
			buildActionMask = 2147483647;
			files = (
				03DCE26F2F0DBFAE00E49AB9 /* YomigaeruTests.m in Sources */,
				03DCE2982F0DC0FE00E49AB9 /* YGRCategory.m in Sources */,
				03DCE29A2F0DC0FE00E49AB9 /* YGRChapter.m in Sources */,
				03DCE29C2F0DC0FE00E49AB9 /* YGRExtension.m in Sources */,
				03DCE29E2F0DC0FE00E49AB9 /* YGRManga.m in Sources */,
				03DCE2A02F0DC0FE00E49AB9 /* YGRSource.m in Sources */,
				03DCE2A62F0DC19000E49AB9 /* YGRMangaStatusUtility.m in Sources */,
				03DCE2A82F0DC19000E49AB9 /* YGRUpdateStrategyUtility.m in Sources */,
				03DCE2B02F0DC23400E49AB9 /* YGRImageUtility.m in Sources */,
				03DCE2BC2F0DC31B00E49AB9 /* YGRCategoryService.m in Sources */,
				03DCE2BE2F0DC31B00E49AB9 /* YGRExtensionService.m in Sources */,
				03DCE2C02F0DC31B00E49AB9 /* YGRMangaService.m in Sources */,
				03DCE2C22F0DC31B00E49AB9 /* YGRSourceService.m in Sources */,
				03DCE2C92F0DC34000E49AB9 /* YGRNetworkManager.m in Sources */,
				03DCE2CB2F0DC34000E49AB9 /* YGRSettingsManager.m in Sources */,
				03DCE2D72F0DC3D300E49AB9 /* YGRAPITestViewController.m in Sources */,
				03DCE2D92F0DC3D300E49AB9 /* YGRTabBarController.m in Sources */,
				03DCE2E72F0DC41300E49AB9 /* YGRLibraryViewController.m in Sources */,
				03DCE2E92F0DC41300E49AB9 /* YGRMangaViewController.m in Sources */,
				0314977B2F0DD7030018F3F1 /* YGRChapterViewController.m in Sources */,
				0314977F2F0DD7170018F3F1 /* YGRPageViewController.m in Sources */,
				03FFDB512F0F25EA00813B1C /* YGRSettingsViewController.m in Sources */,
				03FFDB5A2F0F267B00813B1C /* YGRServerSettingsViewController.m in Sources */,
				03FFDB622F0F48E200813B1C /* YGRServerBaseURLViewController.m in Sources */,
				0357B2012F0F67D500D5096E /* YGRTextFieldCell.m in Sources */,
				0357B2062F0F6A4B00D5096E /* YGRAboutViewController.m in Sources */,
			);
			runOnlyForDeploymentPostprocessing = 0;
		};
/* End PBXSourcesBuildPhase section */

/* Begin PBXTargetDependency section */
		03DCE2662F0DBFAE00E49AB9 /* PBXTargetDependency */ = {
			isa = PBXTargetDependency;
			target = 03DCE23B2F0DBFAE00E49AB9 /* Yomigaeru */;
			targetProxy = 03DCE2652F0DBFAE00E49AB9 /* PBXContainerItemProxy */;
		};
/* End PBXTargetDependency section */

/* Begin PBXVariantGroup section */
		03DCE2492F0DBFAE00E49AB9 /* InfoPlist.strings */ = {
			isa = PBXVariantGroup;
			children = (
				03DCE24A2F0DBFAE00E49AB9 /* en */,
			);
			name = InfoPlist.strings;
			sourceTree = "<group>";
		};
		03DCE26A2F0DBFAE00E49AB9 /* InfoPlist.strings */ = {
			isa = PBXVariantGroup;
			children = (
				03DCE26B2F0DBFAE00E49AB9 /* en */,
			);
			name = InfoPlist.strings;
			sourceTree = "<group>";
		};
/* End PBXVariantGroup section */

/* Begin XCBuildConfiguration section */
		03DCE2702F0DBFAE00E49AB9 /* Debug */ = {
			isa = XCBuildConfiguration;
			buildSettings = {
				ALWAYS_SEARCH_USER_PATHS = NO;
				ARCHS = "$(ARCHS_STANDARD_32_BIT)";
				CLANG_CXX_LANGUAGE_STANDARD = "gnu++0x";
				CLANG_ENABLE_OBJC_ARC = YES;
				CLANG_WARN__DUPLICATE_METHOD_MATCH = YES;
				"CODE_SIGN_IDENTITY[sdk=iphoneos*]" = "iPhone Developer";
				COPY_PHASE_STRIP = NO;
				GCC_C_LANGUAGE_STANDARD = gnu99;
				GCC_DYNAMIC_NO_PIC = NO;
				GCC_OPTIMIZATION_LEVEL = 0;
				GCC_PREPROCESSOR_DEFINITIONS = (
					"DEBUG=1",
					"$(inherited)",
				);
				GCC_SYMBOLS_PRIVATE_EXTERN = NO;
				GCC_VERSION = com.apple.compilers.llvm.clang.1_0;
				GCC_WARN_ABOUT_RETURN_TYPE = YES;
				GCC_WARN_UNINITIALIZED_AUTOS = YES;
				GCC_WARN_UNUSED_VARIABLE = YES;
				IPHONEOS_DEPLOYMENT_TARGET = 5.1;
				SDKROOT = iphoneos;
				TARGETED_DEVICE_FAMILY = "1,2";
			};
			name = Debug;
		};
		03DCE2712F0DBFAE00E49AB9 /* Release */ = {
			isa = XCBuildConfiguration;
			buildSettings = {
				ALWAYS_SEARCH_USER_PATHS = NO;
				ARCHS = "$(ARCHS_STANDARD_32_BIT)";
				CLANG_CXX_LANGUAGE_STANDARD = "gnu++0x";
				CLANG_ENABLE_OBJC_ARC = YES;
				CLANG_WARN__DUPLICATE_METHOD_MATCH = YES;
				"CODE_SIGN_IDENTITY[sdk=iphoneos*]" = "iPhone Developer";
				COPY_PHASE_STRIP = YES;
				GCC_C_LANGUAGE_STANDARD = gnu99;
				GCC_VERSION = com.apple.compilers.llvm.clang.1_0;
				GCC_WARN_ABOUT_RETURN_TYPE = YES;
				GCC_WARN_UNINITIALIZED_AUTOS = YES;
				GCC_WARN_UNUSED_VARIABLE = YES;
				IPHONEOS_DEPLOYMENT_TARGET = 5.1;
				OTHER_CFLAGS = "-DNS_BLOCK_ASSERTIONS=1";
				SDKROOT = iphoneos;
				TARGETED_DEVICE_FAMILY = "1,2";
				VALIDATE_PRODUCT = YES;
			};
			name = Release;
		};
		03DCE2732F0DBFAE00E49AB9 /* Debug */ = {
			isa = XCBuildConfiguration;
			baseConfigurationReference = 7066D610C04B17028E21BD90 /* Pods-Yomigaeru.debug.xcconfig */;
			buildSettings = {
				FRAMEWORK_SEARCH_PATHS = (
					"$(inherited)",
					"\"$(SRCROOT)\"",
				);
				GCC_PRECOMPILE_PREFIX_HEADER = YES;
				GCC_PREFIX_HEADER = "Yomigaeru/Yomigaeru-Prefix.pch";
				INFOPLIST_FILE = "Yomigaeru/Yomigaeru-Info.plist";
				IPHONEOS_DEPLOYMENT_TARGET = 5.0;
				PRODUCT_NAME = "$(TARGET_NAME)";
				WRAPPER_EXTENSION = app;
			};
			name = Debug;
		};
		03DCE2742F0DBFAE00E49AB9 /* Release */ = {
			isa = XCBuildConfiguration;
			baseConfigurationReference = C38258450F3C2F1586EE9EE3 /* Pods-Yomigaeru.release.xcconfig */;
			buildSettings = {
				FRAMEWORK_SEARCH_PATHS = (
					"$(inherited)",
					"\"$(SRCROOT)\"",
				);
				GCC_PRECOMPILE_PREFIX_HEADER = YES;
				GCC_PREFIX_HEADER = "Yomigaeru/Yomigaeru-Prefix.pch";
				INFOPLIST_FILE = "Yomigaeru/Yomigaeru-Info.plist";
				IPHONEOS_DEPLOYMENT_TARGET = 5.0;
				PRODUCT_NAME = "$(TARGET_NAME)";
				WRAPPER_EXTENSION = app;
			};
			name = Release;
		};
		03DCE2762F0DBFAE00E49AB9 /* Debug */ = {
			isa = XCBuildConfiguration;
			baseConfigurationReference = C37C68E47A47E81581CD4ED2 /* Pods-YomigaeruTests.debug.xcconfig */;
			buildSettings = {
				BUNDLE_LOADER = "$(BUILT_PRODUCTS_DIR)/Yomigaeru.app/Yomigaeru";
				FRAMEWORK_SEARCH_PATHS = (
					"\"$(SDKROOT)/Developer/Library/Frameworks\"",
					"\"$(DEVELOPER_LIBRARY_DIR)/Frameworks\"",
					"\"$(SRCROOT)\"",
				);
				GCC_PRECOMPILE_PREFIX_HEADER = YES;
				GCC_PREFIX_HEADER = "Yomigaeru/Yomigaeru-Prefix.pch";
				INFOPLIST_FILE = "YomigaeruTests/YomigaeruTests-Info.plist";
				PRODUCT_NAME = "$(TARGET_NAME)";
				TEST_HOST = "$(BUNDLE_LOADER)";
				WRAPPER_EXTENSION = octest;
			};
			name = Debug;
		};
		03DCE2772F0DBFAE00E49AB9 /* Release */ = {
			isa = XCBuildConfiguration;
			baseConfigurationReference = 64AA31E88B5EF77E3D7D7D31 /* Pods-YomigaeruTests.release.xcconfig */;
			buildSettings = {
				BUNDLE_LOADER = "$(BUILT_PRODUCTS_DIR)/Yomigaeru.app/Yomigaeru";
				FRAMEWORK_SEARCH_PATHS = (
					"\"$(SDKROOT)/Developer/Library/Frameworks\"",
					"\"$(DEVELOPER_LIBRARY_DIR)/Frameworks\"",
					"\"$(SRCROOT)\"",
				);
				GCC_PRECOMPILE_PREFIX_HEADER = YES;
				GCC_PREFIX_HEADER = "Yomigaeru/Yomigaeru-Prefix.pch";
				INFOPLIST_FILE = "YomigaeruTests/YomigaeruTests-Info.plist";
				PRODUCT_NAME = "$(TARGET_NAME)";
				TEST_HOST = "$(BUNDLE_LOADER)";
				WRAPPER_EXTENSION = octest;
			};
			name = Release;
		};
/* End XCBuildConfiguration section */

/* Begin XCConfigurationList section */
		03DCE2362F0DBFAE00E49AB9 /* Build configuration list for PBXProject "Yomigaeru" */ = {
			isa = XCConfigurationList;
			buildConfigurations = (
				03DCE2702F0DBFAE00E49AB9 /* Debug */,
				03DCE2712F0DBFAE00E49AB9 /* Release */,
			);
			defaultConfigurationIsVisible = 0;
			defaultConfigurationName = Release;
		};
		03DCE2722F0DBFAE00E49AB9 /* Build configuration list for PBXNativeTarget "Yomigaeru" */ = {
			isa = XCConfigurationList;
			buildConfigurations = (
				03DCE2732F0DBFAE00E49AB9 /* Debug */,
				03DCE2742F0DBFAE00E49AB9 /* Release */,
			);
			defaultConfigurationIsVisible = 0;
			defaultConfigurationName = Release;
		};
		03DCE2752F0DBFAE00E49AB9 /* Build configuration list for PBXNativeTarget "YomigaeruTests" */ = {
			isa = XCConfigurationList;
			buildConfigurations = (
				03DCE2762F0DBFAE00E49AB9 /* Debug */,
				03DCE2772F0DBFAE00E49AB9 /* Release */,
			);
			defaultConfigurationIsVisible = 0;
			defaultConfigurationName = Release;
		};
/* End XCConfigurationList section */
	};
	rootObject = 03DCE2332F0DBFAE00E49AB9 /* Project object */;
}
